
Microsoft Visual Studio Solution File, Format Version 12.00
# Visual Studio Version 17
VisualStudioVersion = 17.8.34511.84
MinimumVisualStudioVersion = 10.0.40219.1
Project("{FAE04EC0-301F-11D3-BF4B-00C04F79EFBC}") = "AtividadeDB", "AtividadeDB.csproj", "{A384FF7A-A1D1-4DAE-A7F3-F77D6CE8E198}"
EndProject
Global
	GlobalSection(SolutionConfigurationPlatforms) = preSolution
		Debug|Any CPU = Debug|Any CPU
		Release|Any CPU = Release|Any CPU
	EndGlobalSection
	GlobalSection(ProjectConfigurationPlatforms) = postSolution
		{A384FF7A-A1D1-4DAE-A7F3-F77D6CE8E198}.Debug|Any CPU.ActiveCfg = Debug|Any CPU
		{A384FF7A-A1D1-4DAE-A7F3-F77D6CE8E198}.Debug|Any CPU.Build.0 = Debug|Any CPU
		{A384FF7A-A1D1-4DAE-A7F3-F77D6CE8E198}.Release|Any CPU.ActiveCfg = Release|Any CPU
		{A384FF7A-A1D1-4DAE-A7F3-F77D6CE8E198}.Release|Any CPU.Build.0 = Release|Any CPU
	EndGlobalSection
	GlobalSection(SolutionProperties) = preSolution
		HideSolutionNode = FALSE
	EndGlobalSection
	GlobalSection(ExtensibilityGlobals) = postSolution
		SolutionGuid = {1ADEF37E-6A83-4412-A443-79A2DAA63499}
	EndGlobalSection
EndGlobal
